
Microsoft Visual Studio Solution File, Format Version 12.00
# Visual Studio 2013
VisualStudioVersion = 12.0.31101.0
MinimumVisualStudioVersion = 10.0.40219.1
Project("{E24C65DC-7377-472B-9ABA-BC803B73C61A}") = "WEBPROJ.WEB(1)", "http://localhost:1895", "{6AB592F1-33D4-4808-8679-E59059E1B5B3}"
	ProjectSection(WebsiteProperties) = preProject
		UseIISExpress = "true"
		TargetFrameworkMoniker = ".NETFramework,Version%3Dv4.5"
		ProjectReferences = "{7ffb128b-e5e8-4acd-873d-86bfe413b78e}|SPU.Entities.dll;{f1d78edd-f6ce-42d6-91db-2b4801f7b29a}|SPU.Dataaccess.dll;"
		Debug.AspNetCompiler.VirtualPath = "/localhost_1895"
		Debug.AspNetCompiler.PhysicalPath = "..\WEBPROJ.WEB\"
		Debug.AspNetCompiler.TargetPath = "PrecompiledWeb\localhost_1895\"
		Debug.AspNetCompiler.Updateable = "true"
		Debug.AspNetCompiler.ForceOverwrite = "true"
		Debug.AspNetCompiler.FixedNames = "false"
		Debug.AspNetCompiler.Debug = "True"
		Release.AspNetCompiler.VirtualPath = "/localhost_1895"
		Release.AspNetCompiler.PhysicalPath = "..\WEBPROJ.WEB\"
		Release.AspNetCompiler.TargetPath = "PrecompiledWeb\localhost_1895\"
		Release.AspNetCompiler.Updateable = "true"
		Release.AspNetCompiler.ForceOverwrite = "true"
		Release.AspNetCompiler.FixedNames = "false"
		Release.AspNetCompiler.Debug = "False"
		SlnRelativePath = "..\WEBPROJ.WEB\"
		DefaultWebSiteLanguage = "Visual C#"
	EndProjectSection
EndProject
Project("{FAE04EC0-301F-11D3-BF4B-00C04F79EFBC}") = "SPU.Entities", "SPU.Entities\SPU.Entities.csproj", "{7FFB128B-E5E8-4ACD-873D-86BFE413B78E}"
EndProject
Project("{FAE04EC0-301F-11D3-BF4B-00C04F79EFBC}") = "SPU.Dataaccess", "SPU.Dataaccess\SPU.Dataaccess.csproj", "{F1D78EDD-F6CE-42D6-91DB-2B4801F7B29A}"
EndProject
Global
	GlobalSection(SolutionConfigurationPlatforms) = preSolution
		Debug|Any CPU = Debug|Any CPU
		Release|Any CPU = Release|Any CPU
	EndGlobalSection
	GlobalSection(ProjectConfigurationPlatforms) = postSolution
		{6AB592F1-33D4-4808-8679-E59059E1B5B3}.Debug|Any CPU.ActiveCfg = Debug|Any CPU
		{6AB592F1-33D4-4808-8679-E59059E1B5B3}.Debug|Any CPU.Build.0 = Debug|Any CPU
		{6AB592F1-33D4-4808-8679-E59059E1B5B3}.Release|Any CPU.ActiveCfg = Debug|Any CPU
		{6AB592F1-33D4-4808-8679-E59059E1B5B3}.Release|Any CPU.Build.0 = Debug|Any CPU
		{7FFB128B-E5E8-4ACD-873D-86BFE413B78E}.Debug|Any CPU.ActiveCfg = Debug|Any CPU
		{7FFB128B-E5E8-4ACD-873D-86BFE413B78E}.Debug|Any CPU.Build.0 = Debug|Any CPU
		{7FFB128B-E5E8-4ACD-873D-86BFE413B78E}.Release|Any CPU.ActiveCfg = Release|Any CPU
		{7FFB128B-E5E8-4ACD-873D-86BFE413B78E}.Release|Any CPU.Build.0 = Release|Any CPU
		{F1D78EDD-F6CE-42D6-91DB-2B4801F7B29A}.Debug|Any CPU.ActiveCfg = Debug|Any CPU
		{F1D78EDD-F6CE-42D6-91DB-2B4801F7B29A}.Debug|Any CPU.Build.0 = Debug|Any CPU
		{F1D78EDD-F6CE-42D6-91DB-2B4801F7B29A}.Release|Any CPU.ActiveCfg = Release|Any CPU
		{F1D78EDD-F6CE-42D6-91DB-2B4801F7B29A}.Release|Any CPU.Build.0 = Release|Any CPU
	EndGlobalSection
	GlobalSection(SolutionProperties) = preSolution
		HideSolutionNode = FALSE
	EndGlobalSection
EndGlobal
